// !$*UTF8*$!
{
	archiveVersion = 1;
	classes = {
	};
	objectVersion = 48;
	objects = {

/* Begin PBXBuildFile section */
		B090AC641FAACF52002C7748 /* AppDelegate.swift in Sources */ = {isa = PBXBuildFile; fileRef = B090AC631FAACF52002C7748 /* AppDelegate.swift */; };
		B090AC661FAACF52002C7748 /* ViewController.swift in Sources */ = {isa = PBXBuildFile; fileRef = B090AC651FAACF52002C7748 /* ViewController.swift */; };
		B090AC691FAACF52002C7748 /* Main.storyboard in Resources */ = {isa = PBXBuildFile; fileRef = B090AC671FAACF52002C7748 /* Main.storyboard */; };
		B090AC6B1FAACF52002C7748 /* Assets.xcassets in Resources */ = {isa = PBXBuildFile; fileRef = B090AC6A1FAACF52002C7748 /* Assets.xcassets */; };
		B090AC6E1FAACF52002C7748 /* LaunchScreen.storyboard in Resources */ = {isa = PBXBuildFile; fileRef = B090AC6C1FAACF52002C7748 /* LaunchScreen.storyboard */; };
		B0CF17E11FAB747900A999C3 /* IntentHandler.swift in Sources */ = {isa = PBXBuildFile; fileRef = B0CF17E01FAB747900A999C3 /* IntentHandler.swift */; };
		B0CF17EA1FAB747900A999C3 /* IntentsUI.framework in Frameworks */ = {isa = PBXBuildFile; fileRef = B0CF17E91FAB747900A999C3 /* IntentsUI.framework */; };
		B0CF17ED1FAB747900A999C3 /* IntentViewController.swift in Sources */ = {isa = PBXBuildFile; fileRef = B0CF17EC1FAB747900A999C3 /* IntentViewController.swift */; };
		B0CF17F01FAB747900A999C3 /* MainInterface.storyboard in Resources */ = {isa = PBXBuildFile; fileRef = B0CF17EE1FAB747900A999C3 /* MainInterface.storyboard */; };
		B0CF17F41FAB747900A999C3 /* IntentHandlerUI.appex in Embed App Extensions */ = {isa = PBXBuildFile; fileRef = B0CF17E71FAB747900A999C3 /* IntentHandlerUI.appex */; settings = {ATTRIBUTES = (RemoveHeadersOnCopy, ); }; };
		B0CF17F71FAB747900A999C3 /* IntentHandler.appex in Embed App Extensions */ = {isa = PBXBuildFile; fileRef = B0CF17DE1FAB747800A999C3 /* IntentHandler.appex */; settings = {ATTRIBUTES = (RemoveHeadersOnCopy, ); }; };
/* End PBXBuildFile section */

/* Begin PBXContainerItemProxy section */
		B0CF17F21FAB747900A999C3 /* PBXContainerItemProxy */ = {
			isa = PBXContainerItemProxy;
			containerPortal = B090AC581FAACF52002C7748 /* Project object */;
			proxyType = 1;
			remoteGlobalIDString = B0CF17E61FAB747900A999C3;
			remoteInfo = IntentHandlerUI;
		};
		B0CF17F51FAB747900A999C3 /* PBXContainerItemProxy */ = {
			isa = PBXContainerItemProxy;
			containerPortal = B090AC581FAACF52002C7748 /* Project object */;
			proxyType = 1;
			remoteGlobalIDString = B0CF17DD1FAB747800A999C3;
			remoteInfo = IntentHandler;
		};
/* End PBXContainerItemProxy section */

/* Begin PBXCopyFilesBuildPhase section */
		B0CF17FE1FAB747900A999C3 /* Embed App Extensions */ = {
			isa = PBXCopyFilesBuildPhase;
			buildActionMask = 2147483647;
			dstPath = "";
			dstSubfolderSpec = 13;
			files = (
				B0CF17F41FAB747900A999C3 /* IntentHandlerUI.appex in Embed App Extensions */,
				B0CF17F71FAB747900A999C3 /* IntentHandler.appex in Embed App Extensions */,
			);
			name = "Embed App Extensions";
			runOnlyForDeploymentPostprocessing = 0;
		};
/* End PBXCopyFilesBuildPhase section */

/* Begin PBXFileReference section */
		B090AC601FAACF52002C7748 /* LearningSiriKit.app */ = {isa = PBXFileReference; explicitFileType = wrapper.application; includeInIndex = 0; path = LearningSiriKit.app; sourceTree = BUILT_PRODUCTS_DIR; };
		B090AC631FAACF52002C7748 /* AppDelegate.swift */ = {isa = PBXFileReference; lastKnownFileType = sourcecode.swift; path = AppDelegate.swift; sourceTree = "<group>"; };
		B090AC651FAACF52002C7748 /* ViewController.swift */ = {isa = PBXFileReference; lastKnownFileType = sourcecode.swift; path = ViewController.swift; sourceTree = "<group>"; };
		B090AC681FAACF52002C7748 /* Base */ = {isa = PBXFileReference; lastKnownFileType = file.storyboard; name = Base; path = Base.lproj/Main.storyboard; sourceTree = "<group>"; };
		B090AC6A1FAACF52002C7748 /* Assets.xcassets */ = {isa = PBXFileReference; lastKnownFileType = folder.assetcatalog; path = Assets.xcassets; sourceTree = "<group>"; };
		B090AC6D1FAACF52002C7748 /* Base */ = {isa = PBXFileReference; lastKnownFileType = file.storyboard; name = Base; path = Base.lproj/LaunchScreen.storyboard; sourceTree = "<group>"; };
		B090AC6F1FAACF52002C7748 /* Info.plist */ = {isa = PBXFileReference; lastKnownFileType = text.plist.xml; path = Info.plist; sourceTree = "<group>"; };
		B0CF17D91FAB73BA00A999C3 /* LearningSiriKit.entitlements */ = {isa = PBXFileReference; lastKnownFileType = text.plist.entitlements; path = LearningSiriKit.entitlements; sourceTree = "<group>"; };
		B0CF17DE1FAB747800A999C3 /* IntentHandler.appex */ = {isa = PBXFileReference; explicitFileType = "wrapper.app-extension"; includeInIndex = 0; path = IntentHandler.appex; sourceTree = BUILT_PRODUCTS_DIR; };
		B0CF17E01FAB747900A999C3 /* IntentHandler.swift */ = {isa = PBXFileReference; lastKnownFileType = sourcecode.swift; path = IntentHandler.swift; sourceTree = "<group>"; };
		B0CF17E21FAB747900A999C3 /* Info.plist */ = {isa = PBXFileReference; lastKnownFileType = text.plist.xml; path = Info.plist; sourceTree = "<group>"; };
		B0CF17E71FAB747900A999C3 /* IntentHandlerUI.appex */ = {isa = PBXFileReference; explicitFileType = "wrapper.app-extension"; includeInIndex = 0; path = IntentHandlerUI.appex; sourceTree = BUILT_PRODUCTS_DIR; };
		B0CF17E91FAB747900A999C3 /* IntentsUI.framework */ = {isa = PBXFileReference; lastKnownFileType = wrapper.framework; name = IntentsUI.framework; path = System/Library/Frameworks/IntentsUI.framework; sourceTree = SDKROOT; };
		B0CF17EC1FAB747900A999C3 /* IntentViewController.swift */ = {isa = PBXFileReference; lastKnownFileType = sourcecode.swift; path = IntentViewController.swift; sourceTree = "<group>"; };
		B0CF17EF1FAB747900A999C3 /* Base */ = {isa = PBXFileReference; lastKnownFileType = file.storyboard; name = Base; path = Base.lproj/MainInterface.storyboard; sourceTree = "<group>"; };
		B0CF17F11FAB747900A999C3 /* Info.plist */ = {isa = PBXFileReference; lastKnownFileType = text.plist.xml; path = Info.plist; sourceTree = "<group>"; };
/* End PBXFileReference section */

/* Begin PBXFrameworksBuildPhase section */
		B090AC5D1FAACF52002C7748 /* Frameworks */ = {
			isa = PBXFrameworksBuildPhase;
			buildActionMask = 2147483647;
			files = (
			);
			runOnlyForDeploymentPostprocessing = 0;
		};
		B0CF17DB1FAB747800A999C3 /* Frameworks */ = {
			isa = PBXFrameworksBuildPhase;
			buildActionMask = 2147483647;
			files = (
			);
			runOnlyForDeploymentPostprocessing = 0;
		};
		B0CF17E41FAB747900A999C3 /* Frameworks */ = {
			isa = PBXFrameworksBuildPhase;
			buildActionMask = 2147483647;
			files = (
				B0CF17EA1FAB747900A999C3 /* IntentsUI.framework in Frameworks */,
			);
			runOnlyForDeploymentPostprocessing = 0;
		};
/* End PBXFrameworksBuildPhase section */

/* Begin PBXGroup section */
		B090AC571FAACF52002C7748 = {
			isa = PBXGroup;
			children = (
				B090AC621FAACF52002C7748 /* LearningSiriKit */,
				B0CF17DF1FAB747900A999C3 /* IntentHandler */,
				B0CF17EB1FAB747900A999C3 /* IntentHandlerUI */,
				B0CF17E81FAB747900A999C3 /* Frameworks */,
				B090AC611FAACF52002C7748 /* Products */,
			);
			sourceTree = "<group>";
		};
		B090AC611FAACF52002C7748 /* Products */ = {
			isa = PBXGroup;
			children = (
				B090AC601FAACF52002C7748 /* LearningSiriKit.app */,
				B0CF17DE1FAB747800A999C3 /* IntentHandler.appex */,
				B0CF17E71FAB747900A999C3 /* IntentHandlerUI.appex */,
			);
			name = Products;
			sourceTree = "<group>";
		};
		B090AC621FAACF52002C7748 /* LearningSiriKit */ = {
			isa = PBXGroup;
			children = (
				B0CF17D91FAB73BA00A999C3 /* LearningSiriKit.entitlements */,
				B090AC631FAACF52002C7748 /* AppDelegate.swift */,
				B090AC651FAACF52002C7748 /* ViewController.swift */,
				B090AC671FAACF52002C7748 /* Main.storyboard */,
				B090AC6A1FAACF52002C7748 /* Assets.xcassets */,
				B090AC6C1FAACF52002C7748 /* LaunchScreen.storyboard */,
				B090AC6F1FAACF52002C7748 /* Info.plist */,
			);
			path = LearningSiriKit;
			sourceTree = "<group>";
		};
		B0CF17DF1FAB747900A999C3 /* IntentHandler */ = {
			isa = PBXGroup;
			children = (
				B0CF17E01FAB747900A999C3 /* IntentHandler.swift */,
				B0CF17E21FAB747900A999C3 /* Info.plist */,
			);
			path = IntentHandler;
			sourceTree = "<group>";
		};
		B0CF17E81FAB747900A999C3 /* Frameworks */ = {
			isa = PBXGroup;
			children = (
				B0CF17E91FAB747900A999C3 /* IntentsUI.framework */,
			);
			name = Frameworks;
			sourceTree = "<group>";
		};
		B0CF17EB1FAB747900A999C3 /* IntentHandlerUI */ = {
			isa = PBXGroup;
			children = (
				B0CF17EC1FAB747900A999C3 /* IntentViewController.swift */,
				B0CF17EE1FAB747900A999C3 /* MainInterface.storyboard */,
				B0CF17F11FAB747900A999C3 /* Info.plist */,
			);
			path = IntentHandlerUI;
			sourceTree = "<group>";
		};
/* End PBXGroup section */

/* Begin PBXNativeTarget section */
		B090AC5F1FAACF52002C7748 /* LearningSiriKit */ = {
			isa = PBXNativeTarget;
			buildConfigurationList = B090AC721FAACF52002C7748 /* Build configuration list for PBXNativeTarget "LearningSiriKit" */;
			buildPhases = (
				B090AC5C1FAACF52002C7748 /* Sources */,
				B090AC5D1FAACF52002C7748 /* Frameworks */,
				B090AC5E1FAACF52002C7748 /* Resources */,
				B0CF17FE1FAB747900A999C3 /* Embed App Extensions */,
			);
			buildRules = (
			);
			dependencies = (
				B0CF17F31FAB747900A999C3 /* PBXTargetDependency */,
				B0CF17F61FAB747900A999C3 /* PBXTargetDependency */,
			);
			name = LearningSiriKit;
			productName = LearningSiriKit;
			productReference = B090AC601FAACF52002C7748 /* LearningSiriKit.app */;
			productType = "com.apple.product-type.application";
		};
		B0CF17DD1FAB747800A999C3 /* IntentHandler */ = {
			isa = PBXNativeTarget;
			buildConfigurationList = B0CF17FB1FAB747900A999C3 /* Build configuration list for PBXNativeTarget "IntentHandler" */;
			buildPhases = (
				B0CF17DA1FAB747800A999C3 /* Sources */,
				B0CF17DB1FAB747800A999C3 /* Frameworks */,
				B0CF17DC1FAB747800A999C3 /* Resources */,
			);
			buildRules = (
			);
			dependencies = (
			);
			name = IntentHandler;
			productName = IntentHandler;
			productReference = B0CF17DE1FAB747800A999C3 /* IntentHandler.appex */;
			productType = "com.apple.product-type.app-extension";
		};
		B0CF17E61FAB747900A999C3 /* IntentHandlerUI */ = {
			isa = PBXNativeTarget;
			buildConfigurationList = B0CF17F81FAB747900A999C3 /* Build configuration list for PBXNativeTarget "IntentHandlerUI" */;
			buildPhases = (
				B0CF17E31FAB747900A999C3 /* Sources */,
				B0CF17E41FAB747900A999C3 /* Frameworks */,
				B0CF17E51FAB747900A999C3 /* Resources */,
			);
			buildRules = (
			);
			dependencies = (
			);
			name = IntentHandlerUI;
			productName = IntentHandlerUI;
			productReference = B0CF17E71FAB747900A999C3 /* IntentHandlerUI.appex */;
			productType = "com.apple.product-type.app-extension";
		};
/* End PBXNativeTarget section */

/* Begin PBXProject section */
		B090AC581FAACF52002C7748 /* Project object */ = {
			isa = PBXProject;
			attributes = {
				LastSwiftUpdateCheck = 0910;
				LastUpgradeCheck = 0910;
				ORGANIZATIONNAME = "Rommel Rico";
				TargetAttributes = {
					B090AC5F1FAACF52002C7748 = {
						CreatedOnToolsVersion = 9.1;
						ProvisioningStyle = Automatic;
						SystemCapabilities = {
							com.apple.Siri = {
								enabled = 1;
							};
						};
					};
					B0CF17DD1FAB747800A999C3 = {
						CreatedOnToolsVersion = 9.1;
						ProvisioningStyle = Automatic;
					};
					B0CF17E61FAB747900A999C3 = {
						CreatedOnToolsVersion = 9.1;
						ProvisioningStyle = Automatic;
					};
				};
			};
			buildConfigurationList = B090AC5B1FAACF52002C7748 /* Build configuration list for PBXProject "LearningSiriKit" */;
			compatibilityVersion = "Xcode 8.0";
			developmentRegion = en;
			hasScannedForEncodings = 0;
			knownRegions = (
				en,
				Base,
			);
			mainGroup = B090AC571FAACF52002C7748;
			productRefGroup = B090AC611FAACF52002C7748 /* Products */;
			projectDirPath = "";
			projectRoot = "";
			targets = (
				B090AC5F1FAACF52002C7748 /* LearningSiriKit */,
				B0CF17DD1FAB747800A999C3 /* IntentHandler */,
				B0CF17E61FAB747900A999C3 /* IntentHandlerUI */,
			);
		};
/* End PBXProject section */

/* Begin PBXResourcesBuildPhase section */
		B090AC5E1FAACF52002C7748 /* Resources */ = {
			isa = PBXResourcesBuildPhase;
			buildActionMask = 2147483647;
			files = (
				B090AC6E1FAACF52002C7748 /* LaunchScreen.storyboard in Resources */,
				B090AC6B1FAACF52002C7748 /* Assets.xcassets in Resources */,
				B090AC691FAACF52002C7748 /* Main.storyboard in Resources */,
			);
			runOnlyForDeploymentPostprocessing = 0;
		};
		B0CF17DC1FAB747800A999C3 /* Resources */ = {
			isa = PBXResourcesBuildPhase;
			buildActionMask = 2147483647;
			files = (
			);
			runOnlyForDeploymentPostprocessing = 0;
		};
		B0CF17E51FAB747900A999C3 /* Resources */ = {
			isa = PBXResourcesBuildPhase;
			buildActionMask = 2147483647;
			files = (
				B0CF17F01FAB747900A999C3 /* MainInterface.storyboard in Resources */,
			);
			runOnlyForDeploymentPostprocessing = 0;
		};
/* End PBXResourcesBuildPhase section */

/* Begin PBXSourcesBuildPhase section */
		B090AC5C1FAACF52002C7748 /* Sources */ = {
			isa = PBXSourcesBuildPhase;
			buildActionMask = 2147483647;
			files = (
				B090AC661FAACF52002C7748 /* ViewController.swift in Sources */,
				B090AC641FAACF52002C7748 /* AppDelegate.swift in Sources */,
			);
			runOnlyForDeploymentPostprocessing = 0;
		};
		B0CF17DA1FAB747800A999C3 /* Sources */ = {
			isa = PBXSourcesBuildPhase;
			buildActionMask = 2147483647;
			files = (
				B0CF17E11FAB747900A999C3 /* IntentHandler.swift in Sources */,
			);
			runOnlyForDeploymentPostprocessing = 0;
		};
		B0CF17E31FAB747900A999C3 /* Sources */ = {
			isa = PBXSourcesBuildPhase;
			buildActionMask = 2147483647;
			files = (
				B0CF17ED1FAB747900A999C3 /* IntentViewController.swift in Sources */,
			);
			runOnlyForDeploymentPostprocessing = 0;
		};
/* End PBXSourcesBuildPhase section */

/* Begin PBXTargetDependency section */
		B0CF17F31FAB747900A999C3 /* PBXTargetDependency */ = {
			isa = PBXTargetDependency;
			target = B0CF17E61FAB747900A999C3 /* IntentHandlerUI */;
			targetProxy = B0CF17F21FAB747900A999C3 /* PBXContainerItemProxy */;
		};
		B0CF17F61FAB747900A999C3 /* PBXTargetDependency */ = {
			isa = PBXTargetDependency;
			target = B0CF17DD1FAB747800A999C3 /* IntentHandler */;
			targetProxy = B0CF17F51FAB747900A999C3 /* PBXContainerItemProxy */;
		};
/* End PBXTargetDependency section */

/* Begin PBXVariantGroup section */
		B090AC671FAACF52002C7748 /* Main.storyboard */ = {
			isa = PBXVariantGroup;
			children = (
				B090AC681FAACF52002C7748 /* Base */,
			);
			name = Main.storyboard;
			sourceTree = "<group>";
		};
		B090AC6C1FAACF52002C7748 /* LaunchScreen.storyboard */ = {
			isa = PBXVariantGroup;
			children = (
				B090AC6D1FAACF52002C7748 /* Base */,
			);
			name = LaunchScreen.storyboard;
			sourceTree = "<group>";
		};
		B0CF17EE1FAB747900A999C3 /* MainInterface.storyboard */ = {
			isa = PBXVariantGroup;
			children = (
				B0CF17EF1FAB747900A999C3 /* Base */,
			);
			name = MainInterface.storyboard;
			sourceTree = "<group>";
		};
/* End PBXVariantGroup section */

/* Begin XCBuildConfiguration section */
		B090AC701FAACF52002C7748 /* Debug */ = {
			isa = XCBuildConfiguration;
			buildSettings = {
				ALWAYS_SEARCH_USER_PATHS = NO;
				CLANG_ANALYZER_NONNULL = YES;
				CLANG_ANALYZER_NUMBER_OBJECT_CONVERSION = YES_AGGRESSIVE;
				CLANG_CXX_LANGUAGE_STANDARD = "gnu++14";
				CLANG_CXX_LIBRARY = "libc++";
				CLANG_ENABLE_MODULES = YES;
				CLANG_ENABLE_OBJC_ARC = YES;
				CLANG_WARN_BLOCK_CAPTURE_AUTORELEASING = YES;
				CLANG_WARN_BOOL_CONVERSION = YES;
				CLANG_WARN_COMMA = YES;
				CLANG_WARN_CONSTANT_CONVERSION = YES;
				CLANG_WARN_DIRECT_OBJC_ISA_USAGE = YES_ERROR;
				CLANG_WARN_DOCUMENTATION_COMMENTS = YES;
				CLANG_WARN_EMPTY_BODY = YES;
				CLANG_WARN_ENUM_CONVERSION = YES;
				CLANG_WARN_INFINITE_RECURSION = YES;
				CLANG_WARN_INT_CONVERSION = YES;
				CLANG_WARN_NON_LITERAL_NULL_CONVERSION = YES;
				CLANG_WARN_OBJC_LITERAL_CONVERSION = YES;
				CLANG_WARN_OBJC_ROOT_CLASS = YES_ERROR;
				CLANG_WARN_RANGE_LOOP_ANALYSIS = YES;
				CLANG_WARN_STRICT_PROTOTYPES = YES;
				CLANG_WARN_SUSPICIOUS_MOVE = YES;
				CLANG_WARN_UNGUARDED_AVAILABILITY = YES_AGGRESSIVE;
				CLANG_WARN_UNREACHABLE_CODE = YES;
				CLANG_WARN__DUPLICATE_METHOD_MATCH = YES;
				CODE_SIGN_IDENTITY = "iPhone Developer";
				COPY_PHASE_STRIP = NO;
				DEBUG_INFORMATION_FORMAT = dwarf;
				ENABLE_STRICT_OBJC_MSGSEND = YES;
				ENABLE_TESTABILITY = YES;
				GCC_C_LANGUAGE_STANDARD = gnu11;
				GCC_DYNAMIC_NO_PIC = NO;
				GCC_NO_COMMON_BLOCKS = YES;
				GCC_OPTIMIZATION_LEVEL = 0;
				GCC_PREPROCESSOR_DEFINITIONS = (
					"DEBUG=1",
					"$(inherited)",
				);
				GCC_WARN_64_TO_32_BIT_CONVERSION = YES;
				GCC_WARN_ABOUT_RETURN_TYPE = YES_ERROR;
				GCC_WARN_UNDECLARED_SELECTOR = YES;
				GCC_WARN_UNINITIALIZED_AUTOS = YES_AGGRESSIVE;
				GCC_WARN_UNUSED_FUNCTION = YES;
				GCC_WARN_UNUSED_VARIABLE = YES;
				IPHONEOS_DEPLOYMENT_TARGET = 11.1;
				MTL_ENABLE_DEBUG_INFO = YES;
				ONLY_ACTIVE_ARCH = YES;
				SDKROOT = iphoneos;
				SWIFT_ACTIVE_COMPILATION_CONDITIONS = DEBUG;
				SWIFT_OPTIMIZATION_LEVEL = "-Onone";
			};
			name = Debug;
		};
		B090AC711FAACF52002C7748 /* Release */ = {
			isa = XCBuildConfiguration;
			buildSettings = {
				ALWAYS_SEARCH_USER_PATHS = NO;
				CLANG_ANALYZER_NONNULL = YES;
				CLANG_ANALYZER_NUMBER_OBJECT_CONVERSION = YES_AGGRESSIVE;
				CLANG_CXX_LANGUAGE_STANDARD = "gnu++14";
				CLANG_CXX_LIBRARY = "libc++";
				CLANG_ENABLE_MODULES = YES;
				CLANG_ENABLE_OBJC_ARC = YES;
				CLANG_WARN_BLOCK_CAPTURE_AUTORELEASING = YES;
				CLANG_WARN_BOOL_CONVERSION = YES;
				CLANG_WARN_COMMA = YES;
				CLANG_WARN_CONSTANT_CONVERSION = YES;
				CLANG_WARN_DIRECT_OBJC_ISA_USAGE = YES_ERROR;
				CLANG_WARN_DOCUMENTATION_COMMENTS = YES;
				CLANG_WARN_EMPTY_BODY = YES;
				CLANG_WARN_ENUM_CONVERSION = YES;
				CLANG_WARN_INFINITE_RECURSION = YES;
				CLANG_WARN_INT_CONVERSION = YES;
				CLANG_WARN_NON_LITERAL_NULL_CONVERSION = YES;
				CLANG_WARN_OBJC_LITERAL_CONVERSION = YES;
				CLANG_WARN_OBJC_ROOT_CLASS = YES_ERROR;
				CLANG_WARN_RANGE_LOOP_ANALYSIS = YES;
				CLANG_WARN_STRICT_PROTOTYPES = YES;
				CLANG_WARN_SUSPICIOUS_MOVE = YES;
				CLANG_WARN_UNGUARDED_AVAILABILITY = YES_AGGRESSIVE;
				CLANG_WARN_UNREACHABLE_CODE = YES;
				CLANG_WARN__DUPLICATE_METHOD_MATCH = YES;
				CODE_SIGN_IDENTITY = "iPhone Developer";
				COPY_PHASE_STRIP = NO;
				DEBUG_INFORMATION_FORMAT = "dwarf-with-dsym";
				ENABLE_NS_ASSERTIONS = NO;
				ENABLE_STRICT_OBJC_MSGSEND = YES;
				GCC_C_LANGUAGE_STANDARD = gnu11;
				GCC_NO_COMMON_BLOCKS = YES;
				GCC_WARN_64_TO_32_BIT_CONVERSION = YES;
				GCC_WARN_ABOUT_RETURN_TYPE = YES_ERROR;
				GCC_WARN_UNDECLARED_SELECTOR = YES;
				GCC_WARN_UNINITIALIZED_AUTOS = YES_AGGRESSIVE;
				GCC_WARN_UNUSED_FUNCTION = YES;
				GCC_WARN_UNUSED_VARIABLE = YES;
				IPHONEOS_DEPLOYMENT_TARGET = 11.1;
				MTL_ENABLE_DEBUG_INFO = NO;
				SDKROOT = iphoneos;
				SWIFT_OPTIMIZATION_LEVEL = "-Owholemodule";
				VALIDATE_PRODUCT = YES;
			};
			name = Release;
		};
		B090AC731FAACF52002C7748 /* Debug */ = {
			isa = XCBuildConfiguration;
			buildSettings = {
				ALWAYS_EMBED_SWIFT_STANDARD_LIBRARIES = YES;
				ASSETCATALOG_COMPILER_APPICON_NAME = AppIcon;
				CODE_SIGN_ENTITLEMENTS = LearningSiriKit/LearningSiriKit.entitlements;
				CODE_SIGN_STYLE = Automatic;
				DEVELOPMENT_TEAM = 3ZZ84E4F9U;
				INFOPLIST_FILE = LearningSiriKit/Info.plist;
				LD_RUNPATH_SEARCH_PATHS = "$(inherited) @executable_path/Frameworks";
				PRODUCT_BUNDLE_IDENTIFIER = com.rommelrico.LearningSiriKit2;
				PRODUCT_NAME = "$(TARGET_NAME)";
				SWIFT_VERSION = 4.0;
				TARGETED_DEVICE_FAMILY = "1,2";
			};
			name = Debug;
		};
		B090AC741FAACF52002C7748 /* Release */ = {
			isa = XCBuildConfiguration;
			buildSettings = {
				ALWAYS_EMBED_SWIFT_STANDARD_LIBRARIES = YES;
				ASSETCATALOG_COMPILER_APPICON_NAME = AppIcon;
				CODE_SIGN_ENTITLEMENTS = LearningSiriKit/LearningSiriKit.entitlements;
				CODE_SIGN_STYLE = Automatic;
				DEVELOPMENT_TEAM = 3ZZ84E4F9U;
				INFOPLIST_FILE = LearningSiriKit/Info.plist;
				LD_RUNPATH_SEARCH_PATHS = "$(inherited) @executable_path/Frameworks";
				PRODUCT_BUNDLE_IDENTIFIER = com.rommelrico.LearningSiriKit2;
				PRODUCT_NAME = "$(TARGET_NAME)";
				SWIFT_VERSION = 4.0;
				TARGETED_DEVICE_FAMILY = "1,2";
			};
			name = Release;
		};
		B0CF17F91FAB747900A999C3 /* Debug */ = {
			isa = XCBuildConfiguration;
			buildSettings = {
				CODE_SIGN_STYLE = Automatic;
				DEVELOPMENT_TEAM = 3ZZ84E4F9U;
				INFOPLIST_FILE = IntentHandlerUI/Info.plist;
				LD_RUNPATH_SEARCH_PATHS = "$(inherited) @executable_path/Frameworks @executable_path/../../Frameworks";
				PRODUCT_BUNDLE_IDENTIFIER = com.rommelrico.LearningSiriKit.IntentHandlerUI;
				PRODUCT_NAME = "$(TARGET_NAME)";
				SKIP_INSTALL = YES;
				SWIFT_VERSION = 4.0;
				TARGETED_DEVICE_FAMILY = "1,2";
			};
			name = Debug;
		};
		B0CF17FA1FAB747900A999C3 /* Release */ = {
			isa = XCBuildConfiguration;
			buildSettings = {
				CODE_SIGN_STYLE = Automatic;
				DEVELOPMENT_TEAM = 3ZZ84E4F9U;
				INFOPLIST_FILE = IntentHandlerUI/Info.plist;
				LD_RUNPATH_SEARCH_PATHS = "$(inherited) @executable_path/Frameworks @executable_path/../../Frameworks";
				PRODUCT_BUNDLE_IDENTIFIER = com.rommelrico.LearningSiriKit.IntentHandlerUI;
				PRODUCT_NAME = "$(TARGET_NAME)";
				SKIP_INSTALL = YES;
				SWIFT_VERSION = 4.0;
				TARGETED_DEVICE_FAMILY = "1,2";
			};
			name = Release;
		};
		B0CF17FC1FAB747900A999C3 /* Debug */ = {
			isa = XCBuildConfiguration;
			buildSettings = {
				CODE_SIGN_STYLE = Automatic;
				DEVELOPMENT_TEAM = 3ZZ84E4F9U;
				INFOPLIST_FILE = IntentHandler/Info.plist;
				LD_RUNPATH_SEARCH_PATHS = "$(inherited) @executable_path/Frameworks @executable_path/../../Frameworks";
				PRODUCT_BUNDLE_IDENTIFIER = com.rommelrico.LearningSiriKit.IntentHandler;
				PRODUCT_NAME = "$(TARGET_NAME)";
				SKIP_INSTALL = YES;
				SWIFT_VERSION = 4.0;
				TARGETED_DEVICE_FAMILY = "1,2";
			};
			name = Debug;
		};
		B0CF17FD1FAB747900A999C3 /* Release */ = {
			isa = XCBuildConfiguration;
			buildSettings = {
				CODE_SIGN_STYLE = Automatic;
				DEVELOPMENT_TEAM = 3ZZ84E4F9U;
				INFOPLIST_FILE = IntentHandler/Info.plist;
				LD_RUNPATH_SEARCH_PATHS = "$(inherited) @executable_path/Frameworks @executable_path/../../Frameworks";
				PRODUCT_BUNDLE_IDENTIFIER = com.rommelrico.LearningSiriKit.IntentHandler;
				PRODUCT_NAME = "$(TARGET_NAME)";
				SKIP_INSTALL = YES;
				SWIFT_VERSION = 4.0;
				TARGETED_DEVICE_FAMILY = "1,2";
			};
			name = Release;
		};
/* End XCBuildConfiguration section */

/* Begin XCConfigurationList section */
		B090AC5B1FAACF52002C7748 /* Build configuration list for PBXProject "LearningSiriKit" */ = {
			isa = XCConfigurationList;
			buildConfigurations = (
				B090AC701FAACF52002C7748 /* Debug */,
				B090AC711FAACF52002C7748 /* Release */,
			);
			defaultConfigurationIsVisible = 0;
			defaultConfigurationName = Release;
		};
		B090AC721FAACF52002C7748 /* Build configuration list for PBXNativeTarget "LearningSiriKit" */ = {
			isa = XCConfigurationList;
			buildConfigurations = (
				B090AC731FAACF52002C7748 /* Debug */,
				B090AC741FAACF52002C7748 /* Release */,
			);
			defaultConfigurationIsVisible = 0;
			defaultConfigurationName = Release;
		};
		B0CF17F81FAB747900A999C3 /* Build configuration list for PBXNativeTarget "IntentHandlerUI" */ = {
			isa = XCConfigurationList;
			buildConfigurations = (
				B0CF17F91FAB747900A999C3 /* Debug */,
				B0CF17FA1FAB747900A999C3 /* Release */,
			);
			defaultConfigurationIsVisible = 0;
			defaultConfigurationName = Release;
		};
		B0CF17FB1FAB747900A999C3 /* Build configuration list for PBXNativeTarget "IntentHandler" */ = {
			isa = XCConfigurationList;
			buildConfigurations = (
				B0CF17FC1FAB747900A999C3 /* Debug */,
				B0CF17FD1FAB747900A999C3 /* Release */,
			);
			defaultConfigurationIsVisible = 0;
			defaultConfigurationName = Release;
		};
/* End XCConfigurationList section */
	};
	rootObject = B090AC581FAACF52002C7748 /* Project object */;
}
